// !$*UTF8*$!
{
	archiveVersion = 1;
	classes = {
	};
	objectVersion = 56;
	objects = {

/* Begin PBXBuildFile section */
		D44873D02DAD67B100BA3F8C /* AppDelegate.swift in Sources */ = {isa = PBXBuildFile; fileRef = D44873CF2DAD67B100BA3F8C /* AppDelegate.swift */; };
		D44873D22DAD67B100BA3F8C /* SceneDelegate.swift in Sources */ = {isa = PBXBuildFile; fileRef = D44873D12DAD67B100BA3F8C /* SceneDelegate.swift */; };
		D44873D42DAD67B100BA3F8C /* ViewController.swift in Sources */ = {isa = PBXBuildFile; fileRef = D44873D32DAD67B100BA3F8C /* ViewController.swift */; };
		D44873D72DAD67B100BA3F8C /* Base in Resources */ = {isa = PBXBuildFile; fileRef = D44873D62DAD67B100BA3F8C /* Base */; };
		D44873D92DAD67B300BA3F8C /* Assets.xcassets in Resources */ = {isa = PBXBuildFile; fileRef = D44873D82DAD67B300BA3F8C /* Assets.xcassets */; };
		D44873DC2DAD67B300BA3F8C /* Base in Resources */ = {isa = PBXBuildFile; fileRef = D44873DB2DAD67B300BA3F8C /* Base */; };
		D44873E72DAD67B400BA3F8C /* CleanupAppTests.swift in Sources */ = {isa = PBXBuildFile; fileRef = D44873E62DAD67B400BA3F8C /* CleanupAppTests.swift */; };
		D44873F12DAD67B400BA3F8C /* CleanupAppUITests.swift in Sources */ = {isa = PBXBuildFile; fileRef = D44873F02DAD67B400BA3F8C /* CleanupAppUITests.swift */; };
		D44873F32DAD67B400BA3F8C /* CleanupAppUITestsLaunchTests.swift in Sources */ = {isa = PBXBuildFile; fileRef = D44873F22DAD67B400BA3F8C /* CleanupAppUITestsLaunchTests.swift */; };
/* End PBXBuildFile section */

/* Begin PBXContainerItemProxy section */
		D44873E32DAD67B400BA3F8C /* PBXContainerItemProxy */ = {
			isa = PBXContainerItemProxy;
			containerPortal = D44873C42DAD67B100BA3F8C /* Project object */;
			proxyType = 1;
			remoteGlobalIDString = D44873CB2DAD67B100BA3F8C;
			remoteInfo = CleanupApp;
		};
		D44873ED2DAD67B400BA3F8C /* PBXContainerItemProxy */ = {
			isa = PBXContainerItemProxy;
			containerPortal = D44873C42DAD67B100BA3F8C /* Project object */;
			proxyType = 1;
			remoteGlobalIDString = D44873CB2DAD67B100BA3F8C;
			remoteInfo = CleanupApp;
		};
/* End PBXContainerItemProxy section */

/* Begin PBXFileReference section */
		D44873CC2DAD67B100BA3F8C /* CleanupApp.app */ = {isa = PBXFileReference; explicitFileType = wrapper.application; includeInIndex = 0; path = CleanupApp.app; sourceTree = BUILT_PRODUCTS_DIR; };
		D44873CF2DAD67B100BA3F8C /* AppDelegate.swift */ = {isa = PBXFileReference; lastKnownFileType = sourcecode.swift; path = AppDelegate.swift; sourceTree = "<group>"; };
		D44873D12DAD67B100BA3F8C /* SceneDelegate.swift */ = {isa = PBXFileReference; lastKnownFileType = sourcecode.swift; path = SceneDelegate.swift; sourceTree = "<group>"; };
		D44873D32DAD67B100BA3F8C /* ViewController.swift */ = {isa = PBXFileReference; lastKnownFileType = sourcecode.swift; path = ViewController.swift; sourceTree = "<group>"; };
		D44873D62DAD67B100BA3F8C /* Base */ = {isa = PBXFileReference; lastKnownFileType = file.storyboard; name = Base; path = Base.lproj/Main.storyboard; sourceTree = "<group>"; };
		D44873D82DAD67B300BA3F8C /* Assets.xcassets */ = {isa = PBXFileReference; lastKnownFileType = folder.assetcatalog; path = Assets.xcassets; sourceTree = "<group>"; };
		D44873DB2DAD67B300BA3F8C /* Base */ = {isa = PBXFileReference; lastKnownFileType = file.storyboard; name = Base; path = Base.lproj/LaunchScreen.storyboard; sourceTree = "<group>"; };
		D44873DD2DAD67B300BA3F8C /* Info.plist */ = {isa = PBXFileReference; lastKnownFileType = text.plist.xml; path = Info.plist; sourceTree = "<group>"; };
		D44873E22DAD67B400BA3F8C /* CleanupAppTests.xctest */ = {isa = PBXFileReference; explicitFileType = wrapper.cfbundle; includeInIndex = 0; path = CleanupAppTests.xctest; sourceTree = BUILT_PRODUCTS_DIR; };
		D44873E62DAD67B400BA3F8C /* CleanupAppTests.swift */ = {isa = PBXFileReference; lastKnownFileType = sourcecode.swift; path = CleanupAppTests.swift; sourceTree = "<group>"; };
		D44873EC2DAD67B400BA3F8C /* CleanupAppUITests.xctest */ = {isa = PBXFileReference; explicitFileType = wrapper.cfbundle; includeInIndex = 0; path = CleanupAppUITests.xctest; sourceTree = BUILT_PRODUCTS_DIR; };
		D44873F02DAD67B400BA3F8C /* CleanupAppUITests.swift */ = {isa = PBXFileReference; lastKnownFileType = sourcecode.swift; path = CleanupAppUITests.swift; sourceTree = "<group>"; };
		D44873F22DAD67B400BA3F8C /* CleanupAppUITestsLaunchTests.swift */ = {isa = PBXFileReference; lastKnownFileType = sourcecode.swift; path = CleanupAppUITestsLaunchTests.swift; sourceTree = "<group>"; };
/* End PBXFileReference section */

/* Begin PBXFrameworksBuildPhase section */
		D44873C92DAD67B100BA3F8C /* Frameworks */ = {
			isa = PBXFrameworksBuildPhase;
			buildActionMask = 2147483647;
			files = (
			);
			runOnlyForDeploymentPostprocessing = 0;
		};
		D44873DF2DAD67B400BA3F8C /* Frameworks */ = {
			isa = PBXFrameworksBuildPhase;
			buildActionMask = 2147483647;
			files = (
			);
			runOnlyForDeploymentPostprocessing = 0;
		};
		D44873E92DAD67B400BA3F8C /* Frameworks */ = {
			isa = PBXFrameworksBuildPhase;
			buildActionMask = 2147483647;
			files = (
			);
			runOnlyForDeploymentPostprocessing = 0;
		};
/* End PBXFrameworksBuildPhase section */

/* Begin PBXGroup section */
		D44873C32DAD67B100BA3F8C = {
			isa = PBXGroup;
			children = (
				D44873CE2DAD67B100BA3F8C /* CleanupApp */,
				D44873E52DAD67B400BA3F8C /* CleanupAppTests */,
				D44873EF2DAD67B400BA3F8C /* CleanupAppUITests */,
				D44873CD2DAD67B100BA3F8C /* Products */,
			);
			sourceTree = "<group>";
		};
		D44873CD2DAD67B100BA3F8C /* Products */ = {
			isa = PBXGroup;
			children = (
				D44873CC2DAD67B100BA3F8C /* CleanupApp.app */,
				D44873E22DAD67B400BA3F8C /* CleanupAppTests.xctest */,
				D44873EC2DAD67B400BA3F8C /* CleanupAppUITests.xctest */,
			);
			name = Products;
			sourceTree = "<group>";
		};
		D44873CE2DAD67B100BA3F8C /* CleanupApp */ = {
			isa = PBXGroup;
			children = (
				D44873CF2DAD67B100BA3F8C /* AppDelegate.swift */,
				D44873D12DAD67B100BA3F8C /* SceneDelegate.swift */,
				D44873D32DAD67B100BA3F8C /* ViewController.swift */,
				D44873D52DAD67B100BA3F8C /* Main.storyboard */,
				D44873D82DAD67B300BA3F8C /* Assets.xcassets */,
				D44873DA2DAD67B300BA3F8C /* LaunchScreen.storyboard */,
				D44873DD2DAD67B300BA3F8C /* Info.plist */,
			);
			path = CleanupApp;
			sourceTree = "<group>";
		};
		D44873E52DAD67B400BA3F8C /* CleanupAppTests */ = {
			isa = PBXGroup;
			children = (
				D44873E62DAD67B400BA3F8C /* CleanupAppTests.swift */,
			);
			path = CleanupAppTests;
			sourceTree = "<group>";
		};
		D44873EF2DAD67B400BA3F8C /* CleanupAppUITests */ = {
			isa = PBXGroup;
			children = (
				D44873F02DAD67B400BA3F8C /* CleanupAppUITests.swift */,
				D44873F22DAD67B400BA3F8C /* CleanupAppUITestsLaunchTests.swift */,
			);
			path = CleanupAppUITests;
			sourceTree = "<group>";
		};
/* End PBXGroup section */

/* Begin PBXNativeTarget section */
		D44873CB2DAD67B100BA3F8C /* CleanupApp */ = {
			isa = PBXNativeTarget;
			buildConfigurationList = D44873F62DAD67B400BA3F8C /* Build configuration list for PBXNativeTarget "CleanupApp" */;
			buildPhases = (
				D44873C82DAD67B100BA3F8C /* Sources */,
				D44873C92DAD67B100BA3F8C /* Frameworks */,
				D44873CA2DAD67B100BA3F8C /* Resources */,
			);
			buildRules = (
			);
			dependencies = (
			);
			name = CleanupApp;
			productName = CleanupApp;
			productReference = D44873CC2DAD67B100BA3F8C /* CleanupApp.app */;
			productType = "com.apple.product-type.application";
		};
		D44873E12DAD67B400BA3F8C /* CleanupAppTests */ = {
			isa = PBXNativeTarget;
			buildConfigurationList = D44873F92DAD67B400BA3F8C /* Build configuration list for PBXNativeTarget "CleanupAppTests" */;
			buildPhases = (
				D44873DE2DAD67B400BA3F8C /* Sources */,
				D44873DF2DAD67B400BA3F8C /* Frameworks */,
				D44873E02DAD67B400BA3F8C /* Resources */,
			);
			buildRules = (
			);
			dependencies = (
				D44873E42DAD67B400BA3F8C /* PBXTargetDependency */,
			);
			name = CleanupAppTests;
			productName = CleanupAppTests;
			productReference = D44873E22DAD67B400BA3F8C /* CleanupAppTests.xctest */;
			productType = "com.apple.product-type.bundle.unit-test";
		};
		D44873EB2DAD67B400BA3F8C /* CleanupAppUITests */ = {
			isa = PBXNativeTarget;
			buildConfigurationList = D44873FC2DAD67B400BA3F8C /* Build configuration list for PBXNativeTarget "CleanupAppUITests" */;
			buildPhases = (
				D44873E82DAD67B400BA3F8C /* Sources */,
				D44873E92DAD67B400BA3F8C /* Frameworks */,
				D44873EA2DAD67B400BA3F8C /* Resources */,
			);
			buildRules = (
			);
			dependencies = (
				D44873EE2DAD67B400BA3F8C /* PBXTargetDependency */,
			);
			name = CleanupAppUITests;
			productName = CleanupAppUITests;
			productReference = D44873EC2DAD67B400BA3F8C /* CleanupAppUITests.xctest */;
			productType = "com.apple.product-type.bundle.ui-testing";
		};
/* End PBXNativeTarget section */

/* Begin PBXProject section */
		D44873C42DAD67B100BA3F8C /* Project object */ = {
			isa = PBXProject;
			attributes = {
				BuildIndependentTargetsInParallel = 1;
				LastSwiftUpdateCheck = 1540;
				LastUpgradeCheck = 1540;
				TargetAttributes = {
					D44873CB2DAD67B100BA3F8C = {
						CreatedOnToolsVersion = 15.4;
					};
					D44873E12DAD67B400BA3F8C = {
						CreatedOnToolsVersion = 15.4;
						TestTargetID = D44873CB2DAD67B100BA3F8C;
					};
					D44873EB2DAD67B400BA3F8C = {
						CreatedOnToolsVersion = 15.4;
						TestTargetID = D44873CB2DAD67B100BA3F8C;
					};
				};
			};
			buildConfigurationList = D44873C72DAD67B100BA3F8C /* Build configuration list for PBXProject "CleanupApp" */;
			compatibilityVersion = "Xcode 14.0";
			developmentRegion = en;
			hasScannedForEncodings = 0;
			knownRegions = (
				en,
				Base,
			);
			mainGroup = D44873C32DAD67B100BA3F8C;
			productRefGroup = D44873CD2DAD67B100BA3F8C /* Products */;
			projectDirPath = "";
			projectRoot = "";
			targets = (
				D44873CB2DAD67B100BA3F8C /* CleanupApp */,
				D44873E12DAD67B400BA3F8C /* CleanupAppTests */,
				D44873EB2DAD67B400BA3F8C /* CleanupAppUITests */,
			);
		};
/* End PBXProject section */

/* Begin PBXResourcesBuildPhase section */
		D44873CA2DAD67B100BA3F8C /* Resources */ = {
			isa = PBXResourcesBuildPhase;
			buildActionMask = 2147483647;
			files = (
				D44873D92DAD67B300BA3F8C /* Assets.xcassets in Resources */,
				D44873DC2DAD67B300BA3F8C /* Base in Resources */,
				D44873D72DAD67B100BA3F8C /* Base in Resources */,
			);
			runOnlyForDeploymentPostprocessing = 0;
		};
		D44873E02DAD67B400BA3F8C /* Resources */ = {
			isa = PBXResourcesBuildPhase;
			buildActionMask = 2147483647;
			files = (
			);
			runOnlyForDeploymentPostprocessing = 0;
		};
		D44873EA2DAD67B400BA3F8C /* Resources */ = {
			isa = PBXResourcesBuildPhase;
			buildActionMask = 2147483647;
			files = (
			);
			runOnlyForDeploymentPostprocessing = 0;
		};
/* End PBXResourcesBuildPhase section */

/* Begin PBXSourcesBuildPhase section */
		D44873C82DAD67B100BA3F8C /* Sources */ = {
			isa = PBXSourcesBuildPhase;
			buildActionMask = 2147483647;
			files = (
				D44873D42DAD67B100BA3F8C /* ViewController.swift in Sources */,
				D44873D02DAD67B100BA3F8C /* AppDelegate.swift in Sources */,
				D44873D22DAD67B100BA3F8C /* SceneDelegate.swift in Sources */,
			);
			runOnlyForDeploymentPostprocessing = 0;
		};
		D44873DE2DAD67B400BA3F8C /* Sources */ = {
			isa = PBXSourcesBuildPhase;
			buildActionMask = 2147483647;
			files = (
				D44873E72DAD67B400BA3F8C /* CleanupAppTests.swift in Sources */,
			);
			runOnlyForDeploymentPostprocessing = 0;
		};
		D44873E82DAD67B400BA3F8C /* Sources */ = {
			isa = PBXSourcesBuildPhase;
			buildActionMask = 2147483647;
			files = (
				D44873F12DAD67B400BA3F8C /* CleanupAppUITests.swift in Sources */,
				D44873F32DAD67B400BA3F8C /* CleanupAppUITestsLaunchTests.swift in Sources */,
			);
			runOnlyForDeploymentPostprocessing = 0;
		};
/* End PBXSourcesBuildPhase section */

/* Begin PBXTargetDependency section */
		D44873E42DAD67B400BA3F8C /* PBXTargetDependency */ = {
			isa = PBXTargetDependency;
			target = D44873CB2DAD67B100BA3F8C /* CleanupApp */;
			targetProxy = D44873E32DAD67B400BA3F8C /* PBXContainerItemProxy */;
		};
		D44873EE2DAD67B400BA3F8C /* PBXTargetDependency */ = {
			isa = PBXTargetDependency;
			target = D44873CB2DAD67B100BA3F8C /* CleanupApp */;
			targetProxy = D44873ED2DAD67B400BA3F8C /* PBXContainerItemProxy */;
		};
/* End PBXTargetDependency section */

/* Begin PBXVariantGroup section */
		D44873D52DAD67B100BA3F8C /* Main.storyboard */ = {
			isa = PBXVariantGroup;
			children = (
				D44873D62DAD67B100BA3F8C /* Base */,
			);
			name = Main.storyboard;
			sourceTree = "<group>";
		};
		D44873DA2DAD67B300BA3F8C /* LaunchScreen.storyboard */ = {
			isa = PBXVariantGroup;
			children = (
				D44873DB2DAD67B300BA3F8C /* Base */,
			);
			name = LaunchScreen.storyboard;
			sourceTree = "<group>";
		};
/* End PBXVariantGroup section */

/* Begin XCBuildConfiguration section */
		D44873F42DAD67B400BA3F8C /* Debug */ = {
			isa = XCBuildConfiguration;
			buildSettings = {
				ALWAYS_SEARCH_USER_PATHS = NO;
				ASSETCATALOG_COMPILER_GENERATE_SWIFT_ASSET_SYMBOL_EXTENSIONS = YES;
				CLANG_ANALYZER_NONNULL = YES;
				CLANG_ANALYZER_NUMBER_OBJECT_CONVERSION = YES_AGGRESSIVE;
				CLANG_CXX_LANGUAGE_STANDARD = "gnu++20";
				CLANG_ENABLE_MODULES = YES;
				CLANG_ENABLE_OBJC_ARC = YES;
				CLANG_ENABLE_OBJC_WEAK = YES;
				CLANG_WARN_BLOCK_CAPTURE_AUTORELEASING = YES;
				CLANG_WARN_BOOL_CONVERSION = YES;
				CLANG_WARN_COMMA = YES;
				CLANG_WARN_CONSTANT_CONVERSION = YES;
				CLANG_WARN_DEPRECATED_OBJC_IMPLEMENTATIONS = YES;
				CLANG_WARN_DIRECT_OBJC_ISA_USAGE = YES_ERROR;
				CLANG_WARN_DOCUMENTATION_COMMENTS = YES;
				CLANG_WARN_EMPTY_BODY = YES;
				CLANG_WARN_ENUM_CONVERSION = YES;
				CLANG_WARN_INFINITE_RECURSION = YES;
				CLANG_WARN_INT_CONVERSION = YES;
				CLANG_WARN_NON_LITERAL_NULL_CONVERSION = YES;
				CLANG_WARN_OBJC_IMPLICIT_RETAIN_SELF = YES;
				CLANG_WARN_OBJC_LITERAL_CONVERSION = YES;
				CLANG_WARN_OBJC_ROOT_CLASS = YES_ERROR;
				CLANG_WARN_QUOTED_INCLUDE_IN_FRAMEWORK_HEADER = YES;
				CLANG_WARN_RANGE_LOOP_ANALYSIS = YES;
				CLANG_WARN_STRICT_PROTOTYPES = YES;
				CLANG_WARN_SUSPICIOUS_MOVE = YES;
				CLANG_WARN_UNGUARDED_AVAILABILITY = YES_AGGRESSIVE;
				CLANG_WARN_UNREACHABLE_CODE = YES;
				CLANG_WARN__DUPLICATE_METHOD_MATCH = YES;
				COPY_PHASE_STRIP = NO;
				DEBUG_INFORMATION_FORMAT = dwarf;
				ENABLE_STRICT_OBJC_MSGSEND = YES;
				ENABLE_TESTABILITY = YES;
				ENABLE_USER_SCRIPT_SANDBOXING = YES;
				GCC_C_LANGUAGE_STANDARD = gnu17;
				GCC_DYNAMIC_NO_PIC = NO;
				GCC_NO_COMMON_BLOCKS = YES;
				GCC_OPTIMIZATION_LEVEL = 0;
				GCC_PREPROCESSOR_DEFINITIONS = (
					"DEBUG=1",
					"$(inherited)",
				);
				GCC_WARN_64_TO_32_BIT_CONVERSION = YES;
				GCC_WARN_ABOUT_RETURN_TYPE = YES_ERROR;
				GCC_WARN_UNDECLARED_SELECTOR = YES;
				GCC_WARN_UNINITIALIZED_AUTOS = YES_AGGRESSIVE;
				GCC_WARN_UNUSED_FUNCTION = YES;
				GCC_WARN_UNUSED_VARIABLE = YES;
				IPHONEOS_DEPLOYMENT_TARGET = 17.5;
				LOCALIZATION_PREFERS_STRING_CATALOGS = YES;
				MTL_ENABLE_DEBUG_INFO = INCLUDE_SOURCE;
				MTL_FAST_MATH = YES;
				ONLY_ACTIVE_ARCH = YES;
				SDKROOT = iphoneos;
				SWIFT_ACTIVE_COMPILATION_CONDITIONS = "DEBUG $(inherited)";
				SWIFT_OPTIMIZATION_LEVEL = "-Onone";
			};
			name = Debug;
		};
		D44873F52DAD67B400BA3F8C /* Release */ = {
			isa = XCBuildConfiguration;
			buildSettings = {
				ALWAYS_SEARCH_USER_PATHS = NO;
				ASSETCATALOG_COMPILER_GENERATE_SWIFT_ASSET_SYMBOL_EXTENSIONS = YES;
				CLANG_ANALYZER_NONNULL = YES;
				CLANG_ANALYZER_NUMBER_OBJECT_CONVERSION = YES_AGGRESSIVE;
				CLANG_CXX_LANGUAGE_STANDARD = "gnu++20";
				CLANG_ENABLE_MODULES = YES;
				CLANG_ENABLE_OBJC_ARC = YES;
				CLANG_ENABLE_OBJC_WEAK = YES;
				CLANG_WARN_BLOCK_CAPTURE_AUTORELEASING = YES;
				CLANG_WARN_BOOL_CONVERSION = YES;
				CLANG_WARN_COMMA = YES;
				CLANG_WARN_CONSTANT_CONVERSION = YES;
				CLANG_WARN_DEPRECATED_OBJC_IMPLEMENTATIONS = YES;
				CLANG_WARN_DIRECT_OBJC_ISA_USAGE = YES_ERROR;
				CLANG_WARN_DOCUMENTATION_COMMENTS = YES;
				CLANG_WARN_EMPTY_BODY = YES;
				CLANG_WARN_ENUM_CONVERSION = YES;
				CLANG_WARN_INFINITE_RECURSION = YES;
				CLANG_WARN_INT_CONVERSION = YES;
				CLANG_WARN_NON_LITERAL_NULL_CONVERSION = YES;
				CLANG_WARN_OBJC_IMPLICIT_RETAIN_SELF = YES;
				CLANG_WARN_OBJC_LITERAL_CONVERSION = YES;
				CLANG_WARN_OBJC_ROOT_CLASS = YES_ERROR;
				CLANG_WARN_QUOTED_INCLUDE_IN_FRAMEWORK_HEADER = YES;
				CLANG_WARN_RANGE_LOOP_ANALYSIS = YES;
				CLANG_WARN_STRICT_PROTOTYPES = YES;
				CLANG_WARN_SUSPICIOUS_MOVE = YES;
				CLANG_WARN_UNGUARDED_AVAILABILITY = YES_AGGRESSIVE;
				CLANG_WARN_UNREACHABLE_CODE = YES;
				CLANG_WARN__DUPLICATE_METHOD_MATCH = YES;
				COPY_PHASE_STRIP = NO;
				DEBUG_INFORMATION_FORMAT = "dwarf-with-dsym";
				ENABLE_NS_ASSERTIONS = NO;
				ENABLE_STRICT_OBJC_MSGSEND = YES;
				ENABLE_USER_SCRIPT_SANDBOXING = YES;
				GCC_C_LANGUAGE_STANDARD = gnu17;
				GCC_NO_COMMON_BLOCKS = YES;
				GCC_WARN_64_TO_32_BIT_CONVERSION = YES;
				GCC_WARN_ABOUT_RETURN_TYPE = YES_ERROR;
				GCC_WARN_UNDECLARED_SELECTOR = YES;
				GCC_WARN_UNINITIALIZED_AUTOS = YES_AGGRESSIVE;
				GCC_WARN_UNUSED_FUNCTION = YES;
				GCC_WARN_UNUSED_VARIABLE = YES;
				IPHONEOS_DEPLOYMENT_TARGET = 17.5;
				LOCALIZATION_PREFERS_STRING_CATALOGS = YES;
				MTL_ENABLE_DEBUG_INFO = NO;
				MTL_FAST_MATH = YES;
				SDKROOT = iphoneos;
				SWIFT_COMPILATION_MODE = wholemodule;
				VALIDATE_PRODUCT = YES;
			};
			name = Release;
		};
		D44873F72DAD67B400BA3F8C /* Debug */ = {
			isa = XCBuildConfiguration;
			buildSettings = {
				ASSETCATALOG_COMPILER_APPICON_NAME = AppIcon;
				ASSETCATALOG_COMPILER_GLOBAL_ACCENT_COLOR_NAME = AccentColor;
				CODE_SIGN_STYLE = Automatic;
				CURRENT_PROJECT_VERSION = 1;
				DEVELOPMENT_TEAM = S5W25W8MZY;
				GENERATE_INFOPLIST_FILE = YES;
				INFOPLIST_FILE = CleanupApp/Info.plist;
				INFOPLIST_KEY_UIApplicationSupportsIndirectInputEvents = YES;
				INFOPLIST_KEY_UILaunchStoryboardName = LaunchScreen;
				INFOPLIST_KEY_UIMainStoryboardFile = Main;
				INFOPLIST_KEY_UISupportedInterfaceOrientations_iPad = "UIInterfaceOrientationPortrait UIInterfaceOrientationPortraitUpsideDown UIInterfaceOrientationLandscapeLeft UIInterfaceOrientationLandscapeRight";
				INFOPLIST_KEY_UISupportedInterfaceOrientations_iPhone = "UIInterfaceOrientationPortrait UIInterfaceOrientationLandscapeLeft UIInterfaceOrientationLandscapeRight";
				LD_RUNPATH_SEARCH_PATHS = (
					"$(inherited)",
					"@executable_path/Frameworks",
				);
				MARKETING_VERSION = 1.0;
				PRODUCT_BUNDLE_IDENTIFIER = com.01d7a5b4530606b0.CleanupApp;
				PRODUCT_NAME = "$(TARGET_NAME)";
				SWIFT_EMIT_LOC_STRINGS = YES;
				SWIFT_VERSION = 5.0;
				TARGETED_DEVICE_FAMILY = "1,2";
			};
			name = Debug;
		};
		D44873F82DAD67B400BA3F8C /* Release */ = {
			isa = XCBuildConfiguration;
			buildSettings = {
				ASSETCATALOG_COMPILER_APPICON_NAME = AppIcon;
				ASSETCATALOG_COMPILER_GLOBAL_ACCENT_COLOR_NAME = AccentColor;
				CODE_SIGN_STYLE = Automatic;
				CURRENT_PROJECT_VERSION = 1;
				DEVELOPMENT_TEAM = S5W25W8MZY;
				GENERATE_INFOPLIST_FILE = YES;
				INFOPLIST_FILE = CleanupApp/Info.plist;
				INFOPLIST_KEY_UIApplicationSupportsIndirectInputEvents = YES;
				INFOPLIST_KEY_UILaunchStoryboardName = LaunchScreen;
				INFOPLIST_KEY_UIMainStoryboardFile = Main;
				INFOPLIST_KEY_UISupportedInterfaceOrientations_iPad = "UIInterfaceOrientationPortrait UIInterfaceOrientationPortraitUpsideDown UIInterfaceOrientationLandscapeLeft UIInterfaceOrientationLandscapeRight";
				INFOPLIST_KEY_UISupportedInterfaceOrientations_iPhone = "UIInterfaceOrientationPortrait UIInterfaceOrientationLandscapeLeft UIInterfaceOrientationLandscapeRight";
				LD_RUNPATH_SEARCH_PATHS = (
					"$(inherited)",
					"@executable_path/Frameworks",
				);
				MARKETING_VERSION = 1.0;
				PRODUCT_BUNDLE_IDENTIFIER = com.01d7a5b4530606b0.CleanupApp;
				PRODUCT_NAME = "$(TARGET_NAME)";
				SWIFT_EMIT_LOC_STRINGS = YES;
				SWIFT_VERSION = 5.0;
				TARGETED_DEVICE_FAMILY = "1,2";
			};
			name = Release;
		};
		D44873FA2DAD67B400BA3F8C /* Debug */ = {
			isa = XCBuildConfiguration;
			buildSettings = {
				ALWAYS_EMBED_SWIFT_STANDARD_LIBRARIES = YES;
				BUNDLE_LOADER = "$(TEST_HOST)";
				CODE_SIGN_STYLE = Automatic;
				CURRENT_PROJECT_VERSION = 1;
				DEVELOPMENT_TEAM = S5W25W8MZY;
				GENERATE_INFOPLIST_FILE = YES;
				IPHONEOS_DEPLOYMENT_TARGET = 17.5;
				MARKETING_VERSION = 1.0;
				PRODUCT_BUNDLE_IDENTIFIER = com.01d7a5b4530606b0.CleanupAppTests;
				PRODUCT_NAME = "$(TARGET_NAME)";
				SWIFT_EMIT_LOC_STRINGS = NO;
				SWIFT_VERSION = 5.0;
				TARGETED_DEVICE_FAMILY = "1,2";
				TEST_HOST = "$(BUILT_PRODUCTS_DIR)/CleanupApp.app/$(BUNDLE_EXECUTABLE_FOLDER_PATH)/CleanupApp";
			};
			name = Debug;
		};
		D44873FB2DAD67B400BA3F8C /* Release */ = {
			isa = XCBuildConfiguration;
			buildSettings = {
				ALWAYS_EMBED_SWIFT_STANDARD_LIBRARIES = YES;
				BUNDLE_LOADER = "$(TEST_HOST)";
				CODE_SIGN_STYLE = Automatic;
				CURRENT_PROJECT_VERSION = 1;
				DEVELOPMENT_TEAM = S5W25W8MZY;
				GENERATE_INFOPLIST_FILE = YES;
				IPHONEOS_DEPLOYMENT_TARGET = 17.5;
				MARKETING_VERSION = 1.0;
				PRODUCT_BUNDLE_IDENTIFIER = com.01d7a5b4530606b0.CleanupAppTests;
				PRODUCT_NAME = "$(TARGET_NAME)";
				SWIFT_EMIT_LOC_STRINGS = NO;
				SWIFT_VERSION = 5.0;
				TARGETED_DEVICE_FAMILY = "1,2";
				TEST_HOST = "$(BUILT_PRODUCTS_DIR)/CleanupApp.app/$(BUNDLE_EXECUTABLE_FOLDER_PATH)/CleanupApp";
			};
			name = Release;
		};
		D44873FD2DAD67B400BA3F8C /* Debug */ = {
			isa = XCBuildConfiguration;
			buildSettings = {
				ALWAYS_EMBED_SWIFT_STANDARD_LIBRARIES = YES;
				CODE_SIGN_STYLE = Automatic;
				CURRENT_PROJECT_VERSION = 1;
				DEVELOPMENT_TEAM = S5W25W8MZY;
				GENERATE_INFOPLIST_FILE = YES;
				MARKETING_VERSION = 1.0;
				PRODUCT_BUNDLE_IDENTIFIER = com.01d7a5b4530606b0.CleanupAppUITests;
				PRODUCT_NAME = "$(TARGET_NAME)";
				SWIFT_EMIT_LOC_STRINGS = NO;
				SWIFT_VERSION = 5.0;
				TARGETED_DEVICE_FAMILY = "1,2";
				TEST_TARGET_NAME = CleanupApp;
			};
			name = Debug;
		};
		D44873FE2DAD67B400BA3F8C /* Release */ = {
			isa = XCBuildConfiguration;
			buildSettings = {
				ALWAYS_EMBED_SWIFT_STANDARD_LIBRARIES = YES;
				CODE_SIGN_STYLE = Automatic;
				CURRENT_PROJECT_VERSION = 1;
				DEVELOPMENT_TEAM = S5W25W8MZY;
				GENERATE_INFOPLIST_FILE = YES;
				MARKETING_VERSION = 1.0;
				PRODUCT_BUNDLE_IDENTIFIER = com.01d7a5b4530606b0.CleanupAppUITests;
				PRODUCT_NAME = "$(TARGET_NAME)";
				SWIFT_EMIT_LOC_STRINGS = NO;
				SWIFT_VERSION = 5.0;
				TARGETED_DEVICE_FAMILY = "1,2";
				TEST_TARGET_NAME = CleanupApp;
			};
			name = Release;
		};
/* End XCBuildConfiguration section */

/* Begin XCConfigurationList section */
		D44873C72DAD67B100BA3F8C /* Build configuration list for PBXProject "CleanupApp" */ = {
			isa = XCConfigurationList;
			buildConfigurations = (
				D44873F42DAD67B400BA3F8C /* Debug */,
				D44873F52DAD67B400BA3F8C /* Release */,
			);
			defaultConfigurationIsVisible = 0;
			defaultConfigurationName = Release;
		};
		D44873F62DAD67B400BA3F8C /* Build configuration list for PBXNativeTarget "CleanupApp" */ = {
			isa = XCConfigurationList;
			buildConfigurations = (
				D44873F72DAD67B400BA3F8C /* Debug */,
				D44873F82DAD67B400BA3F8C /* Release */,
			);
			defaultConfigurationIsVisible = 0;
			defaultConfigurationName = Release;
		};
		D44873F92DAD67B400BA3F8C /* Build configuration list for PBXNativeTarget "CleanupAppTests" */ = {
			isa = XCConfigurationList;
			buildConfigurations = (
				D44873FA2DAD67B400BA3F8C /* Debug */,
				D44873FB2DAD67B400BA3F8C /* Release */,
			);
			defaultConfigurationIsVisible = 0;
			defaultConfigurationName = Release;
		};
		D44873FC2DAD67B400BA3F8C /* Build configuration list for PBXNativeTarget "CleanupAppUITests" */ = {
			isa = XCConfigurationList;
			buildConfigurations = (
				D44873FD2DAD67B400BA3F8C /* Debug */,
				D44873FE2DAD67B400BA3F8C /* Release */,
			);
			defaultConfigurationIsVisible = 0;
			defaultConfigurationName = Release;
		};
/* End XCConfigurationList section */
	};
	rootObject = D44873C42DAD67B100BA3F8C /* Project object */;
}
